
Microsoft Visual Studio Solution File, Format Version 12.00
# Visual Studio Version 16
VisualStudioVersion = 16.0.30523.141
MinimumVisualStudioVersion = 10.0.40219.1
Project("{FAE04EC0-301F-11D3-BF4B-00C04F79EFBC}") = "EcommercePro", "EcommercePro\EcommercePro.csproj", "{A357AEDF-D204-47DD-9E35-BF6DA5216C90}"
EndProject
Global
	GlobalSection(SolutionConfigurationPlatforms) = preSolution
		Debug|Any CPU = Debug|Any CPU
		Release|Any CPU = Release|Any CPU
	EndGlobalSection
	GlobalSection(ProjectConfigurationPlatforms) = postSolution
		{A357AEDF-D204-47DD-9E35-BF6DA5216C90}.Debug|Any CPU.ActiveCfg = Debug|Any CPU
		{A357AEDF-D204-47DD-9E35-BF6DA5216C90}.Debug|Any CPU.Build.0 = Debug|Any CPU
		{A357AEDF-D204-47DD-9E35-BF6DA5216C90}.Release|Any CPU.ActiveCfg = Release|Any CPU
		{A357AEDF-D204-47DD-9E35-BF6DA5216C90}.Release|Any CPU.Build.0 = Release|Any CPU
	EndGlobalSection
	GlobalSection(SolutionProperties) = preSolution
		HideSolutionNode = FALSE
	EndGlobalSection
	GlobalSection(ExtensibilityGlobals) = postSolution
		SolutionGuid = {F3E95E63-3926-4E27-AFB1-7EA0AAD03CD0}
	EndGlobalSection
EndGlobal
